
Microsoft Visual Studio Solution File, Format Version 12.00
# Visual Studio 15
VisualStudioVersion = 15.0.27004.2005
MinimumVisualStudioVersion = 10.0.40219.1
Project("{FAE04EC0-301F-11D3-BF4B-00C04F79EFBC}") = "MinoApi2", "MinoApi2\MinoApi2.csproj", "{8B828F95-456E-4C19-B3F2-B19D9BB34D0A}"
EndProject
Global
	GlobalSection(SolutionConfigurationPlatforms) = preSolution
		Debug|Any CPU = Debug|Any CPU
		Release|Any CPU = Release|Any CPU
	EndGlobalSection
	GlobalSection(ProjectConfigurationPlatforms) = postSolution
		{8B828F95-456E-4C19-B3F2-B19D9BB34D0A}.Debug|Any CPU.ActiveCfg = Debug|Any CPU
		{8B828F95-456E-4C19-B3F2-B19D9BB34D0A}.Debug|Any CPU.Build.0 = Debug|Any CPU
		{8B828F95-456E-4C19-B3F2-B19D9BB34D0A}.Release|Any CPU.ActiveCfg = Release|Any CPU
		{8B828F95-456E-4C19-B3F2-B19D9BB34D0A}.Release|Any CPU.Build.0 = Release|Any CPU
	EndGlobalSection
	GlobalSection(SolutionProperties) = preSolution
		HideSolutionNode = FALSE
	EndGlobalSection
	GlobalSection(ExtensibilityGlobals) = postSolution
		SolutionGuid = {3B52847B-CE02-43EC-8215-4388B7145221}
	EndGlobalSection
EndGlobal
