
Microsoft Visual Studio Solution File, Format Version 12.00
# Visual Studio 15
VisualStudioVersion = 15.0.27004.2005
MinimumVisualStudioVersion = 10.0.40219.1
Project("{FAE04EC0-301F-11D3-BF4B-00C04F79EFBC}") = "WebApplication1", "WebApplication1.csproj", "{FDDE74D5-6B30-4253-BDB4-2A5C8E37369C}"
EndProject
Global
	GlobalSection(SolutionConfigurationPlatforms) = preSolution
		Debug|Any CPU = Debug|Any CPU
		Release|Any CPU = Release|Any CPU
	EndGlobalSection
	GlobalSection(ProjectConfigurationPlatforms) = postSolution
		{FDDE74D5-6B30-4253-BDB4-2A5C8E37369C}.Debug|Any CPU.ActiveCfg = Debug|Any CPU
		{FDDE74D5-6B30-4253-BDB4-2A5C8E37369C}.Debug|Any CPU.Build.0 = Debug|Any CPU
		{FDDE74D5-6B30-4253-BDB4-2A5C8E37369C}.Release|Any CPU.ActiveCfg = Release|Any CPU
		{FDDE74D5-6B30-4253-BDB4-2A5C8E37369C}.Release|Any CPU.Build.0 = Release|Any CPU
	EndGlobalSection
	GlobalSection(SolutionProperties) = preSolution
		HideSolutionNode = FALSE
	EndGlobalSection
	GlobalSection(ExtensibilityGlobals) = postSolution
		SolutionGuid = {78C915BA-9289-431E-9072-51DA010EB588}
	EndGlobalSection
EndGlobal
