
Microsoft Visual Studio Solution File, Format Version 12.00
# Visual Studio 15
VisualStudioVersion = 15.0.27004.2005
MinimumVisualStudioVersion = 10.0.40219.1
Project("{9A19103F-16F7-4668-BE54-9A1E7A4F7556}") = "minio", "minio.csproj", "{71252669-BC88-44B7-A1E7-E8E501536323}"
EndProject
Global
	GlobalSection(SolutionConfigurationPlatforms) = preSolution
		Debug|Any CPU = Debug|Any CPU
		Release|Any CPU = Release|Any CPU
	EndGlobalSection
	GlobalSection(ProjectConfigurationPlatforms) = postSolution
		{71252669-BC88-44B7-A1E7-E8E501536323}.Debug|Any CPU.ActiveCfg = Debug|Any CPU
		{71252669-BC88-44B7-A1E7-E8E501536323}.Debug|Any CPU.Build.0 = Debug|Any CPU
		{71252669-BC88-44B7-A1E7-E8E501536323}.Release|Any CPU.ActiveCfg = Release|Any CPU
		{71252669-BC88-44B7-A1E7-E8E501536323}.Release|Any CPU.Build.0 = Release|Any CPU
	EndGlobalSection
	GlobalSection(SolutionProperties) = preSolution
		HideSolutionNode = FALSE
	EndGlobalSection
	GlobalSection(ExtensibilityGlobals) = postSolution
		SolutionGuid = {EEBB091A-FE8E-4E42-B499-198E3423FFE1}
	EndGlobalSection
EndGlobal
