
Microsoft Visual Studio Solution File, Format Version 12.00
# Visual Studio 15
VisualStudioVersion = 15.0.27004.2005
MinimumVisualStudioVersion = 10.0.40219.1
Project("{FAE04EC0-301F-11D3-BF4B-00C04F79EFBC}") = "MinioApi", "MinioApi\MinioApi.csproj", "{AB035A40-5368-429E-B254-350B2E74EC9C}"
EndProject
Global
	GlobalSection(SolutionConfigurationPlatforms) = preSolution
		Debug|Any CPU = Debug|Any CPU
		Release|Any CPU = Release|Any CPU
	EndGlobalSection
	GlobalSection(ProjectConfigurationPlatforms) = postSolution
		{AB035A40-5368-429E-B254-350B2E74EC9C}.Debug|Any CPU.ActiveCfg = Debug|Any CPU
		{AB035A40-5368-429E-B254-350B2E74EC9C}.Debug|Any CPU.Build.0 = Debug|Any CPU
		{AB035A40-5368-429E-B254-350B2E74EC9C}.Release|Any CPU.ActiveCfg = Release|Any CPU
		{AB035A40-5368-429E-B254-350B2E74EC9C}.Release|Any CPU.Build.0 = Release|Any CPU
	EndGlobalSection
	GlobalSection(SolutionProperties) = preSolution
		HideSolutionNode = FALSE
	EndGlobalSection
	GlobalSection(ExtensibilityGlobals) = postSolution
		SolutionGuid = {ED59DA84-FA84-444A-93AA-1607602BBFBC}
	EndGlobalSection
EndGlobal
