
Microsoft Visual Studio Solution File, Format Version 12.00
# Visual Studio 15
VisualStudioVersion = 15.0.27004.2005
MinimumVisualStudioVersion = 10.0.40219.1
Project("{FAE04EC0-301F-11D3-BF4B-00C04F79EFBC}") = "WebAPIProba", "WebAPIProba\WebAPIProba.csproj", "{1F2457AA-3FCA-4B91-AFB9-942B9766D16B}"
EndProject
Global
	GlobalSection(SolutionConfigurationPlatforms) = preSolution
		Debug|Any CPU = Debug|Any CPU
		Release|Any CPU = Release|Any CPU
	EndGlobalSection
	GlobalSection(ProjectConfigurationPlatforms) = postSolution
		{1F2457AA-3FCA-4B91-AFB9-942B9766D16B}.Debug|Any CPU.ActiveCfg = Debug|Any CPU
		{1F2457AA-3FCA-4B91-AFB9-942B9766D16B}.Debug|Any CPU.Build.0 = Debug|Any CPU
		{1F2457AA-3FCA-4B91-AFB9-942B9766D16B}.Release|Any CPU.ActiveCfg = Release|Any CPU
		{1F2457AA-3FCA-4B91-AFB9-942B9766D16B}.Release|Any CPU.Build.0 = Release|Any CPU
	EndGlobalSection
	GlobalSection(SolutionProperties) = preSolution
		HideSolutionNode = FALSE
	EndGlobalSection
	GlobalSection(ExtensibilityGlobals) = postSolution
		SolutionGuid = {6F0162C1-D3F1-4CB5-BF60-AC1FB0A1ECB0}
	EndGlobalSection
EndGlobal
